<?xml version="1.0" encoding="utf-8"?>
<Project ToolsVersion="4.0" xmlns="http://schemas.microsoft.com/developer/msbuild/2003">
  <ItemGroup>
    <Filter Include="源文件">
      <UniqueIdentifier>{4FC737F1-C7A5-4376-A066-2A32D752A2FF}</UniqueIdentifier>
      <Extensions>cpp;c;cc;cxx;c++;cppm;ixx;def;odl;idl;hpj;bat;asm;asmx</Extensions>
    </Filter>
    <Filter Include="头文件">
      <UniqueIdentifier>{93995380-89BD-4b04-88EB-625FBE52EBFB}</UniqueIdentifier>
      <Extensions>h;hh;hpp;hxx;h++;hm;inl;inc;ipp;xsd</Extensions>
    </Filter>
    <Filter Include="资源文件">
      <UniqueIdentifier>{67DA6AB6-F800-4c08-8B7A-83BB121AAD01}</UniqueIdentifier>
      <Extensions>rc;ico;cur;bmp;dlg;rc2;rct;bin;rgs;gif;jpg;jpeg;jpe;resx;tiff;tif;png;wav;mfcribbon-ms</Extensions>
    </Filter>
  </ItemGroup>
  <ItemGroup>
    <ClCompile Include="src\Animation\AnimationHelper.cpp">
      <Filter>源文件</Filter>
    </ClCompile>
    <ClCompile Include="src\Scene\D3DScene.cpp">
      <Filter>源文件</Filter>
    </ClCompile>
    <ClCompile Include="src\Scene\DefaultScene.cpp">
      <Filter>源文件</Filter>
    </ClCompile>
    <ClCompile Include="src\Components\Camera.cpp">
      <Filter>源文件</Filter>
    </ClCompile>
    <ClCompile Include="src\DXRuntime\Device.cpp">
      <Filter>源文件</Filter>
    </ClCompile>
    <ClCompile Include="src\Geometry\GeometryGenerator.cpp">
      <Filter>源文件</Filter>
    </ClCompile>
    <ClCompile Include="src\Geometry\GeometryManager.cpp">
      <Filter>源文件</Filter>
    </ClCompile>
    <ClCompile Include="src\Geometry\LoadObject.cpp">
      <Filter>源文件</Filter>
    </ClCompile>
    <ClCompile Include="src\Geometry\MeshGeometry.cpp">
      <Filter>源文件</Filter>
    </ClCompile>
    <ClCompile Include="src\Light\Light.cpp">
      <Filter>源文件</Filter>
    </ClCompile>
    <ClCompile Include="src\Material\Materials.cpp">
      <Filter>源文件</Filter>
    </ClCompile>
    <ClCompile Include="src\RenderItem\RenderItem.cpp">
      <Filter>源文件</Filter>
    </ClCompile>
    <ClCompile Include="src\Resources\Buffer.cpp">
      <Filter>源文件</Filter>
    </ClCompile>
    <ClCompile Include="src\Resources\DefaultBuffer.cpp">
      <Filter>源文件</Filter>
    </ClCompile>
    <ClCompile Include="src\Resources\DescriptorHeap.cpp">
      <Filter>源文件</Filter>
    </ClCompile>
    <ClCompile Include="src\Resources\FrameResource.cpp">
      <Filter>源文件</Filter>
    </ClCompile>
    <ClCompile Include="src\Texture\DDSTextureLoader.cpp">
      <Filter>源文件</Filter>
    </ClCompile>
    <ClCompile Include="src\Texture\Texture.cpp">
      <Filter>源文件</Filter>
    </ClCompile>
    <ClCompile Include="src\Timer\GameTimer.cpp">
      <Filter>源文件</Filter>
    </ClCompile>
    <ClCompile Include="src\Tools\tinyxml2.cpp">
      <Filter>源文件</Filter>
    </ClCompile>
    <ClCompile Include="src\Utility\d3dUtil.cpp">
      <Filter>源文件</Filter>
    </ClCompile>
    <ClCompile Include="src\Utility\MathHelper.cpp">
      <Filter>源文件</Filter>
    </ClCompile>
    <ClCompile Include="src\Utility\ReflectableStruct.cpp">
      <Filter>源文件</Filter>
    </ClCompile>
    <ClCompile Include="src\Utility\ShaderCompile.cpp">
      <Filter>源文件</Filter>
    </ClCompile>
    <ClCompile Include="src\Wave\Wave.cpp">
      <Filter>源文件</Filter>
    </ClCompile>
    <ClCompile Include="src\MainApp.cpp">
      <Filter>源文件</Filter>
    </ClCompile>
    <ClCompile Include="src\RenderItem\PsoContainer.cpp">
      <Filter>源文件</Filter>
    </ClCompile>
    <ClCompile Include="src\PostProcess\BlurFilter.cpp">
      <Filter>源文件</Filter>
    </ClCompile>
  </ItemGroup>
  <ItemGroup>
    <ClInclude Include="src\Animation\AnimationHelper.h">
      <Filter>头文件</Filter>
    </ClInclude>
    <ClInclude Include="src\Scene\D3DScene.h">
      <Filter>头文件</Filter>
    </ClInclude>
    <ClInclude Include="src\Scene\DefaultScene.h">
      <Filter>头文件</Filter>
    </ClInclude>
    <ClInclude Include="src\Components\Camera.h">
      <Filter>头文件</Filter>
    </ClInclude>
    <ClInclude Include="src\DXRuntime\Device.h">
      <Filter>头文件</Filter>
    </ClInclude>
    <ClInclude Include="src\Geometry\GeometryGenerator.h">
      <Filter>头文件</Filter>
    </ClInclude>
    <ClInclude Include="src\Geometry\GeometryManager.h">
      <Filter>头文件</Filter>
    </ClInclude>
    <ClInclude Include="src\Geometry\LoadObject.h">
      <Filter>头文件</Filter>
    </ClInclude>
    <ClInclude Include="src\Geometry\MeshGeometry.h">
      <Filter>头文件</Filter>
    </ClInclude>
    <ClInclude Include="src\Light\Light.h">
      <Filter>头文件</Filter>
    </ClInclude>
    <ClInclude Include="src\Material\Materials.h">
      <Filter>头文件</Filter>
    </ClInclude>
    <ClInclude Include="src\RenderItem\RenderItem.h">
      <Filter>头文件</Filter>
    </ClInclude>
    <ClInclude Include="src\Resources\Buffer.h">
      <Filter>头文件</Filter>
    </ClInclude>
    <ClInclude Include="src\Resources\BufferView.h">
      <Filter>头文件</Filter>
    </ClInclude>
    <ClInclude Include="src\Resources\DefaultBuffer.h">
      <Filter>头文件</Filter>
    </ClInclude>
    <ClInclude Include="src\Resources\DescriptorHeap.h">
      <Filter>头文件</Filter>
    </ClInclude>
    <ClInclude Include="src\Resources\FrameResource.h">
      <Filter>头文件</Filter>
    </ClInclude>
    <ClInclude Include="src\Resources\Resource.h">
      <Filter>头文件</Filter>
    </ClInclude>
    <ClInclude Include="src\Resources\UploadBuffer.h">
      <Filter>头文件</Filter>
    </ClInclude>
    <ClInclude Include="src\Texture\DDSTextureLoader.h">
      <Filter>头文件</Filter>
    </ClInclude>
    <ClInclude Include="src\Texture\Texture.h">
      <Filter>头文件</Filter>
    </ClInclude>
    <ClInclude Include="src\Timer\GameTimer.h">
      <Filter>头文件</Filter>
    </ClInclude>
    <ClInclude Include="src\Tools\tinyxml2.h">
      <Filter>头文件</Filter>
    </ClInclude>
    <ClInclude Include="src\Utility\d3dUtil.h">
      <Filter>头文件</Filter>
    </ClInclude>
    <ClInclude Include="src\Utility\d3dx12.h">
      <Filter>头文件</Filter>
    </ClInclude>
    <ClInclude Include="src\Utility\MathHelper.h">
      <Filter>头文件</Filter>
    </ClInclude>
    <ClInclude Include="src\Utility\Metalib.h">
      <Filter>头文件</Filter>
    </ClInclude>
    <ClInclude Include="src\Utility\ReflactableStruct.h">
      <Filter>头文件</Filter>
    </ClInclude>
    <ClInclude Include="src\Utility\ShaderCompile.h">
      <Filter>头文件</Filter>
    </ClInclude>
    <ClInclude Include="src\Wave\Wave.h">
      <Filter>头文件</Filter>
    </ClInclude>
    <ClInclude Include="src\Base\Singleton.h">
      <Filter>头文件</Filter>
    </ClInclude>
    <ClInclude Include="src\RenderItem\PsoContainer.h">
      <Filter>头文件</Filter>
    </ClInclude>
    <ClInclude Include="src\PostProcess\BlurFilter.h">
      <Filter>头文件</Filter>
    </ClInclude>
  </ItemGroup>
</Project>